
Microsoft Visual Studio Solution File, Format Version 12.00
# Visual Studio Version 17
VisualStudioVersion = 17.7.34221.43
MinimumVisualStudioVersion = 10.0.40219.1
Project("{8BC9CEB8-8B4A-11D0-8D11-00A0C91BC942}") = "laba9", "laba9\laba9.vcxproj", "{A6D2B749-DD91-4D7F-A098-3D14F39DF2C4}"
EndProject
Project("{8BC9CEB8-8B4A-11D0-8D11-00A0C91BC942}") = "laba9.2", "laba9.2\laba9.2.vcxproj", "{E6EDFEF3-2B34-4628-AC79-8397608A14A6}"
EndProject
Project("{8BC9CEB8-8B4A-11D0-8D11-00A0C91BC942}") = "laba9.3", "laba9.3\laba9.3.vcxproj", "{65D0C2C0-AA12-4203-A1AC-4522F1132EE3}"
EndProject
Project("{8BC9CEB8-8B4A-11D0-8D11-00A0C91BC942}") = "laba9.4", "laba9.4\laba9.4.vcxproj", "{1C3277C5-9FD1-4398-9058-D9BA96433D27}"
EndProject
Project("{8BC9CEB8-8B4A-11D0-8D11-00A0C91BC942}") = "laba9.5", "laba9.5\laba9.5.vcxproj", "{266160D6-E7CF-4299-8D52-6978126BEF67}"
EndProject
Project("{8BC9CEB8-8B4A-11D0-8D11-00A0C91BC942}") = "laba10.1", "laba10.1\laba10.1.vcxproj", "{DC86CA17-9AD4-48E9-B5BE-2490A8AFB08D}"
EndProject
Project("{8BC9CEB8-8B4A-11D0-8D11-00A0C91BC942}") = "laba10.2", "laba10.2\laba10.2.vcxproj", "{6069357E-161D-4F09-804B-516BB8CA64AF}"
EndProject
Project("{8BC9CEB8-8B4A-11D0-8D11-00A0C91BC942}") = "laba10.3", "laba10.3\laba10.3.vcxproj", "{33FFE207-3470-49E2-AA10-073515996C8B}"
EndProject
Project("{8BC9CEB8-8B4A-11D0-8D11-00A0C91BC942}") = "laba10.4", "laba10.4\laba10.4.vcxproj", "{D109E41A-5675-4C97-94F8-90FA0310E4D5}"
EndProject
Project("{8BC9CEB8-8B4A-11D0-8D11-00A0C91BC942}") = "laba10.5", "laba10.5\laba10.5.vcxproj", "{CD923340-1C9A-432B-8FE8-5AF6B9260024}"
EndProject
Project("{8BC9CEB8-8B4A-11D0-8D11-00A0C91BC942}") = "laba11.1", "laba11.1\laba11.1.vcxproj", "{02E394C7-227A-4E57-A74A-0EAC49B2D3AE}"
EndProject
Project("{8BC9CEB8-8B4A-11D0-8D11-00A0C91BC942}") = "laba11.2", "laba11.2\laba11.2.vcxproj", "{DBD5874A-5A38-47EE-B619-D444B3BF2ECE}"
EndProject
Project("{8BC9CEB8-8B4A-11D0-8D11-00A0C91BC942}") = "laba11.3", "laba11.3\laba11.3.vcxproj", "{0733C18F-6F6A-428A-9505-D93903963E7A}"
EndProject
Project("{8BC9CEB8-8B4A-11D0-8D11-00A0C91BC942}") = "laba11.4", "laba11.4\laba11.4.vcxproj", "{8C85EA5C-A60A-4F50-97E2-37BCF0D14BD0}"
EndProject
Project("{8BC9CEB8-8B4A-11D0-8D11-00A0C91BC942}") = "laba11.5", "laba11.5\laba11.5.vcxproj", "{DAB902FD-69F8-493B-BC87-895A7402BBFC}"
EndProject
Project("{8BC9CEB8-8B4A-11D0-8D11-00A0C91BC942}") = "laba11.6", "laba11.6\laba11.6.vcxproj", "{C93B3370-9255-4FE7-AD45-D8264D5B3C38}"
EndProject
Project("{8BC9CEB8-8B4A-11D0-8D11-00A0C91BC942}") = "strLaba2", "strLaba2\strLaba2.vcxproj", "{7256D79B-2083-4DF5-84F4-A4B0737EE8BF}"
EndProject
Project("{8BC9CEB8-8B4A-11D0-8D11-00A0C91BC942}") = "laba12.1", "laba12.1\laba12.1.vcxproj", "{17769F0B-914D-4432-82F4-E1EA659BD2E7}"
EndProject
Project("{8BC9CEB8-8B4A-11D0-8D11-00A0C91BC942}") = "laba12.2", "laba12.2\laba12.2.vcxproj", "{52CF173A-325E-4FC4-BC47-F1012FA2B319}"
EndProject
Project("{8BC9CEB8-8B4A-11D0-8D11-00A0C91BC942}") = "laba12.3", "laba12.3\laba12.3.vcxproj", "{909D876C-DC9F-4C0B-A8B9-C8108B92CE7D}"
EndProject
Project("{8BC9CEB8-8B4A-11D0-8D11-00A0C91BC942}") = "laba12.4", "laba12.4\laba12.4.vcxproj", "{1B8CCFD3-2B93-4A58-B59E-D472D9B9612F}"
EndProject
Project("{8BC9CEB8-8B4A-11D0-8D11-00A0C91BC942}") = "laba13.1", "laba13.1\laba13.1.vcxproj", "{2996CD85-C4E6-458C-A454-2629A7F6E66D}"
EndProject
Project("{8BC9CEB8-8B4A-11D0-8D11-00A0C91BC942}") = "laba13.2", "laba13.2\laba13.2.vcxproj", "{55FF9C21-F158-4BA3-9EF5-7A7EAA3D8896}"
EndProject
Project("{8BC9CEB8-8B4A-11D0-8D11-00A0C91BC942}") = "laba13.4", "laba13.4\laba13.4.vcxproj", "{B23BDEE9-CD7D-43A5-A609-472B309DB793}"
EndProject
Project("{8BC9CEB8-8B4A-11D0-8D11-00A0C91BC942}") = "laba13.3", "laba13.3\laba13.3.vcxproj", "{34FB0BD0-694B-4EE3-97D2-D8750251012F}"
EndProject
Project("{8BC9CEB8-8B4A-11D0-8D11-00A0C91BC942}") = "laba13.5", "laba13.5\laba13.5.vcxproj", "{6C0C0C51-8886-4C6C-8D9A-99F5810727DF}"
EndProject
Project("{8BC9CEB8-8B4A-11D0-8D11-00A0C91BC942}") = "Laba14", "Laba14\Laba14.vcxproj", "{8BBB1F72-81B0-4B83-B0E3-9F1A7982C660}"
EndProject
Project("{8BC9CEB8-8B4A-11D0-8D11-00A0C91BC942}") = "Laba 15", "Laba 15\Laba 15.vcxproj", "{D043379C-1F2E-4862-900B-59B40E632772}"
EndProject
Project("{8BC9CEB8-8B4A-11D0-8D11-00A0C91BC942}") = "strLaba3", "strLaba3\strLaba3.vcxproj", "{4953C41D-B6D2-4647-A4CF-59192AAE64AF}"
EndProject
Project("{8BC9CEB8-8B4A-11D0-8D11-00A0C91BC942}") = "laba16", "laba16\laba16.vcxproj", "{6A47F974-C0D1-45B5-A325-4CA3ACBDDFB7}"
EndProject
Project("{8BC9CEB8-8B4A-11D0-8D11-00A0C91BC942}") = "laba17", "laba17\laba17.vcxproj", "{CB2AA9EC-E0E5-4410-B43D-95AA3A95BF15}"
EndProject
Project("{8BC9CEB8-8B4A-11D0-8D11-00A0C91BC942}") = "strLaba4", "strLaba4\strLaba4.vcxproj", "{C9A891D3-7DEE-41B8-8E9B-0BC2C79D16D0}"
EndProject
Project("{8BC9CEB8-8B4A-11D0-8D11-00A0C91BC942}") = "strLaba5", "strLaba5\strLaba5.vcxproj", "{F271CB62-05A7-4447-8C79-AB1F73A650F4}"
EndProject
Project("{8BC9CEB8-8B4A-11D0-8D11-00A0C91BC942}") = "strLaba6", "strLaba6\strLaba6.vcxproj", "{CC91E624-F096-45FF-B455-32E0E76C8533}"
EndProject
Project("{8BC9CEB8-8B4A-11D0-8D11-00A0C91BC942}") = "strLaba7", "strLaba7\strLaba7.vcxproj", "{388C62BE-28C9-4B80-909A-EC571846A1FA}"
EndProject
Project("{8BC9CEB8-8B4A-11D0-8D11-00A0C91BC942}") = "strLaba8", "strLaba8\strLaba8.vcxproj", "{3D699BE6-7F86-4C2F-BDA6-9E85FBFCEF72}"
EndProject
Project("{8BC9CEB8-8B4A-11D0-8D11-00A0C91BC942}") = "strLaba9", "strLaba9\strLaba9.vcxproj", "{DA063C9F-9A20-4918-BC0A-39B6A0192DEB}"
EndProject
Project("{8BC9CEB8-8B4A-11D0-8D11-00A0C91BC942}") = "strLaba12", "strLaba12\strLaba12.vcxproj", "{07115EA9-AED9-435F-91C2-BDEAD5518731}"
EndProject
Project("{8BC9CEB8-8B4A-11D0-8D11-00A0C91BC942}") = "strLaba13", "strLaba13\strLaba13.vcxproj", "{CCF3AA7A-8750-4CBF-A36B-1B90284B8F2B}"
EndProject
Global
	GlobalSection(SolutionConfigurationPlatforms) = preSolution
		Debug|x64 = Debug|x64
		Debug|x86 = Debug|x86
		Release|x64 = Release|x64
		Release|x86 = Release|x86
	EndGlobalSection
	GlobalSection(ProjectConfigurationPlatforms) = postSolution
		{A6D2B749-DD91-4D7F-A098-3D14F39DF2C4}.Debug|x64.ActiveCfg = Debug|x64
		{A6D2B749-DD91-4D7F-A098-3D14F39DF2C4}.Debug|x64.Build.0 = Debug|x64
		{A6D2B749-DD91-4D7F-A098-3D14F39DF2C4}.Debug|x86.ActiveCfg = Debug|Win32
		{A6D2B749-DD91-4D7F-A098-3D14F39DF2C4}.Debug|x86.Build.0 = Debug|Win32
		{A6D2B749-DD91-4D7F-A098-3D14F39DF2C4}.Release|x64.ActiveCfg = Release|x64
		{A6D2B749-DD91-4D7F-A098-3D14F39DF2C4}.Release|x64.Build.0 = Release|x64
		{A6D2B749-DD91-4D7F-A098-3D14F39DF2C4}.Release|x86.ActiveCfg = Release|Win32
		{A6D2B749-DD91-4D7F-A098-3D14F39DF2C4}.Release|x86.Build.0 = Release|Win32
		{E6EDFEF3-2B34-4628-AC79-8397608A14A6}.Debug|x64.ActiveCfg = Debug|x64
		{E6EDFEF3-2B34-4628-AC79-8397608A14A6}.Debug|x64.Build.0 = Debug|x64
		{E6EDFEF3-2B34-4628-AC79-8397608A14A6}.Debug|x86.ActiveCfg = Debug|Win32
		{E6EDFEF3-2B34-4628-AC79-8397608A14A6}.Debug|x86.Build.0 = Debug|Win32
		{E6EDFEF3-2B34-4628-AC79-8397608A14A6}.Release|x64.ActiveCfg = Release|x64
		{E6EDFEF3-2B34-4628-AC79-8397608A14A6}.Release|x64.Build.0 = Release|x64
		{E6EDFEF3-2B34-4628-AC79-8397608A14A6}.Release|x86.ActiveCfg = Release|Win32
		{E6EDFEF3-2B34-4628-AC79-8397608A14A6}.Release|x86.Build.0 = Release|Win32
		{65D0C2C0-AA12-4203-A1AC-4522F1132EE3}.Debug|x64.ActiveCfg = Debug|x64
		{65D0C2C0-AA12-4203-A1AC-4522F1132EE3}.Debug|x64.Build.0 = Debug|x64
		{65D0C2C0-AA12-4203-A1AC-4522F1132EE3}.Debug|x86.ActiveCfg = Debug|Win32
		{65D0C2C0-AA12-4203-A1AC-4522F1132EE3}.Debug|x86.Build.0 = Debug|Win32
		{65D0C2C0-AA12-4203-A1AC-4522F1132EE3}.Release|x64.ActiveCfg = Release|x64
		{65D0C2C0-AA12-4203-A1AC-4522F1132EE3}.Release|x64.Build.0 = Release|x64
		{65D0C2C0-AA12-4203-A1AC-4522F1132EE3}.Release|x86.ActiveCfg = Release|Win32
		{65D0C2C0-AA12-4203-A1AC-4522F1132EE3}.Release|x86.Build.0 = Release|Win32
		{1C3277C5-9FD1-4398-9058-D9BA96433D27}.Debug|x64.ActiveCfg = Debug|x64
		{1C3277C5-9FD1-4398-9058-D9BA96433D27}.Debug|x64.Build.0 = Debug|x64
		{1C3277C5-9FD1-4398-9058-D9BA96433D27}.Debug|x86.ActiveCfg = Debug|Win32
		{1C3277C5-9FD1-4398-9058-D9BA96433D27}.Debug|x86.Build.0 = Debug|Win32
		{1C3277C5-9FD1-4398-9058-D9BA96433D27}.Release|x64.ActiveCfg = Release|x64
		{1C3277C5-9FD1-4398-9058-D9BA96433D27}.Release|x64.Build.0 = Release|x64
		{1C3277C5-9FD1-4398-9058-D9BA96433D27}.Release|x86.ActiveCfg = Release|Win32
		{1C3277C5-9FD1-4398-9058-D9BA96433D27}.Release|x86.Build.0 = Release|Win32
		{266160D6-E7CF-4299-8D52-6978126BEF67}.Debug|x64.ActiveCfg = Debug|x64
		{266160D6-E7CF-4299-8D52-6978126BEF67}.Debug|x64.Build.0 = Debug|x64
		{266160D6-E7CF-4299-8D52-6978126BEF67}.Debug|x86.ActiveCfg = Debug|Win32
		{266160D6-E7CF-4299-8D52-6978126BEF67}.Debug|x86.Build.0 = Debug|Win32
		{266160D6-E7CF-4299-8D52-6978126BEF67}.Release|x64.ActiveCfg = Release|x64
		{266160D6-E7CF-4299-8D52-6978126BEF67}.Release|x64.Build.0 = Release|x64
		{266160D6-E7CF-4299-8D52-6978126BEF67}.Release|x86.ActiveCfg = Release|Win32
		{266160D6-E7CF-4299-8D52-6978126BEF67}.Release|x86.Build.0 = Release|Win32
		{DC86CA17-9AD4-48E9-B5BE-2490A8AFB08D}.Debug|x64.ActiveCfg = Debug|x64
		{DC86CA17-9AD4-48E9-B5BE-2490A8AFB08D}.Debug|x64.Build.0 = Debug|x64
		{DC86CA17-9AD4-48E9-B5BE-2490A8AFB08D}.Debug|x86.ActiveCfg = Debug|Win32
		{DC86CA17-9AD4-48E9-B5BE-2490A8AFB08D}.Debug|x86.Build.0 = Debug|Win32
		{DC86CA17-9AD4-48E9-B5BE-2490A8AFB08D}.Release|x64.ActiveCfg = Release|x64
		{DC86CA17-9AD4-48E9-B5BE-2490A8AFB08D}.Release|x64.Build.0 = Release|x64
		{DC86CA17-9AD4-48E9-B5BE-2490A8AFB08D}.Release|x86.ActiveCfg = Release|Win32
		{DC86CA17-9AD4-48E9-B5BE-2490A8AFB08D}.Release|x86.Build.0 = Release|Win32
		{6069357E-161D-4F09-804B-516BB8CA64AF}.Debug|x64.ActiveCfg = Debug|x64
		{6069357E-161D-4F09-804B-516BB8CA64AF}.Debug|x64.Build.0 = Debug|x64
		{6069357E-161D-4F09-804B-516BB8CA64AF}.Debug|x86.ActiveCfg = Debug|Win32
		{6069357E-161D-4F09-804B-516BB8CA64AF}.Debug|x86.Build.0 = Debug|Win32
		{6069357E-161D-4F09-804B-516BB8CA64AF}.Release|x64.ActiveCfg = Release|x64
		{6069357E-161D-4F09-804B-516BB8CA64AF}.Release|x64.Build.0 = Release|x64
		{6069357E-161D-4F09-804B-516BB8CA64AF}.Release|x86.ActiveCfg = Release|Win32
		{6069357E-161D-4F09-804B-516BB8CA64AF}.Release|x86.Build.0 = Release|Win32
		{33FFE207-3470-49E2-AA10-073515996C8B}.Debug|x64.ActiveCfg = Debug|x64
		{33FFE207-3470-49E2-AA10-073515996C8B}.Debug|x64.Build.0 = Debug|x64
		{33FFE207-3470-49E2-AA10-073515996C8B}.Debug|x86.ActiveCfg = Debug|Win32
		{33FFE207-3470-49E2-AA10-073515996C8B}.Debug|x86.Build.0 = Debug|Win32
		{33FFE207-3470-49E2-AA10-073515996C8B}.Release|x64.ActiveCfg = Release|x64
		{33FFE207-3470-49E2-AA10-073515996C8B}.Release|x64.Build.0 = Release|x64
		{33FFE207-3470-49E2-AA10-073515996C8B}.Release|x86.ActiveCfg = Release|Win32
		{33FFE207-3470-49E2-AA10-073515996C8B}.Release|x86.Build.0 = Release|Win32
		{D109E41A-5675-4C97-94F8-90FA0310E4D5}.Debug|x64.ActiveCfg = Debug|x64
		{D109E41A-5675-4C97-94F8-90FA0310E4D5}.Debug|x64.Build.0 = Debug|x64
		{D109E41A-5675-4C97-94F8-90FA0310E4D5}.Debug|x86.ActiveCfg = Debug|Win32
		{D109E41A-5675-4C97-94F8-90FA0310E4D5}.Debug|x86.Build.0 = Debug|Win32
		{D109E41A-5675-4C97-94F8-90FA0310E4D5}.Release|x64.ActiveCfg = Release|x64
		{D109E41A-5675-4C97-94F8-90FA0310E4D5}.Release|x64.Build.0 = Release|x64
		{D109E41A-5675-4C97-94F8-90FA0310E4D5}.Release|x86.ActiveCfg = Release|Win32
		{D109E41A-5675-4C97-94F8-90FA0310E4D5}.Release|x86.Build.0 = Release|Win32
		{CD923340-1C9A-432B-8FE8-5AF6B9260024}.Debug|x64.ActiveCfg = Debug|x64
		{CD923340-1C9A-432B-8FE8-5AF6B9260024}.Debug|x64.Build.0 = Debug|x64
		{CD923340-1C9A-432B-8FE8-5AF6B9260024}.Debug|x86.ActiveCfg = Debug|Win32
		{CD923340-1C9A-432B-8FE8-5AF6B9260024}.Debug|x86.Build.0 = Debug|Win32
		{CD923340-1C9A-432B-8FE8-5AF6B9260024}.Release|x64.ActiveCfg = Release|x64
		{CD923340-1C9A-432B-8FE8-5AF6B9260024}.Release|x64.Build.0 = Release|x64
		{CD923340-1C9A-432B-8FE8-5AF6B9260024}.Release|x86.ActiveCfg = Release|Win32
		{CD923340-1C9A-432B-8FE8-5AF6B9260024}.Release|x86.Build.0 = Release|Win32
		{02E394C7-227A-4E57-A74A-0EAC49B2D3AE}.Debug|x64.ActiveCfg = Debug|x64
		{02E394C7-227A-4E57-A74A-0EAC49B2D3AE}.Debug|x64.Build.0 = Debug|x64
		{02E394C7-227A-4E57-A74A-0EAC49B2D3AE}.Debug|x86.ActiveCfg = Debug|Win32
		{02E394C7-227A-4E57-A74A-0EAC49B2D3AE}.Debug|x86.Build.0 = Debug|Win32
		{02E394C7-227A-4E57-A74A-0EAC49B2D3AE}.Release|x64.ActiveCfg = Release|x64
		{02E394C7-227A-4E57-A74A-0EAC49B2D3AE}.Release|x64.Build.0 = Release|x64
		{02E394C7-227A-4E57-A74A-0EAC49B2D3AE}.Release|x86.ActiveCfg = Release|Win32
		{02E394C7-227A-4E57-A74A-0EAC49B2D3AE}.Release|x86.Build.0 = Release|Win32
		{DBD5874A-5A38-47EE-B619-D444B3BF2ECE}.Debug|x64.ActiveCfg = Debug|x64
		{DBD5874A-5A38-47EE-B619-D444B3BF2ECE}.Debug|x64.Build.0 = Debug|x64
		{DBD5874A-5A38-47EE-B619-D444B3BF2ECE}.Debug|x86.ActiveCfg = Debug|Win32
		{DBD5874A-5A38-47EE-B619-D444B3BF2ECE}.Debug|x86.Build.0 = Debug|Win32
		{DBD5874A-5A38-47EE-B619-D444B3BF2ECE}.Release|x64.ActiveCfg = Release|x64
		{DBD5874A-5A38-47EE-B619-D444B3BF2ECE}.Release|x64.Build.0 = Release|x64
		{DBD5874A-5A38-47EE-B619-D444B3BF2ECE}.Release|x86.ActiveCfg = Release|Win32
		{DBD5874A-5A38-47EE-B619-D444B3BF2ECE}.Release|x86.Build.0 = Release|Win32
		{0733C18F-6F6A-428A-9505-D93903963E7A}.Debug|x64.ActiveCfg = Debug|x64
		{0733C18F-6F6A-428A-9505-D93903963E7A}.Debug|x64.Build.0 = Debug|x64
		{0733C18F-6F6A-428A-9505-D93903963E7A}.Debug|x86.ActiveCfg = Debug|Win32
		{0733C18F-6F6A-428A-9505-D93903963E7A}.Debug|x86.Build.0 = Debug|Win32
		{0733C18F-6F6A-428A-9505-D93903963E7A}.Release|x64.ActiveCfg = Release|x64
		{0733C18F-6F6A-428A-9505-D93903963E7A}.Release|x64.Build.0 = Release|x64
		{0733C18F-6F6A-428A-9505-D93903963E7A}.Release|x86.ActiveCfg = Release|Win32
		{0733C18F-6F6A-428A-9505-D93903963E7A}.Release|x86.Build.0 = Release|Win32
		{8C85EA5C-A60A-4F50-97E2-37BCF0D14BD0}.Debug|x64.ActiveCfg = Debug|x64
		{8C85EA5C-A60A-4F50-97E2-37BCF0D14BD0}.Debug|x64.Build.0 = Debug|x64
		{8C85EA5C-A60A-4F50-97E2-37BCF0D14BD0}.Debug|x86.ActiveCfg = Debug|Win32
		{8C85EA5C-A60A-4F50-97E2-37BCF0D14BD0}.Debug|x86.Build.0 = Debug|Win32
		{8C85EA5C-A60A-4F50-97E2-37BCF0D14BD0}.Release|x64.ActiveCfg = Release|x64
		{8C85EA5C-A60A-4F50-97E2-37BCF0D14BD0}.Release|x64.Build.0 = Release|x64
		{8C85EA5C-A60A-4F50-97E2-37BCF0D14BD0}.Release|x86.ActiveCfg = Release|Win32
		{8C85EA5C-A60A-4F50-97E2-37BCF0D14BD0}.Release|x86.Build.0 = Release|Win32
		{DAB902FD-69F8-493B-BC87-895A7402BBFC}.Debug|x64.ActiveCfg = Debug|x64
		{DAB902FD-69F8-493B-BC87-895A7402BBFC}.Debug|x64.Build.0 = Debug|x64
		{DAB902FD-69F8-493B-BC87-895A7402BBFC}.Debug|x86.ActiveCfg = Debug|Win32
		{DAB902FD-69F8-493B-BC87-895A7402BBFC}.Debug|x86.Build.0 = Debug|Win32
		{DAB902FD-69F8-493B-BC87-895A7402BBFC}.Release|x64.ActiveCfg = Release|x64
		{DAB902FD-69F8-493B-BC87-895A7402BBFC}.Release|x64.Build.0 = Release|x64
		{DAB902FD-69F8-493B-BC87-895A7402BBFC}.Release|x86.ActiveCfg = Release|Win32
		{DAB902FD-69F8-493B-BC87-895A7402BBFC}.Release|x86.Build.0 = Release|Win32
		{C93B3370-9255-4FE7-AD45-D8264D5B3C38}.Debug|x64.ActiveCfg = Debug|x64
		{C93B3370-9255-4FE7-AD45-D8264D5B3C38}.Debug|x64.Build.0 = Debug|x64
		{C93B3370-9255-4FE7-AD45-D8264D5B3C38}.Debug|x86.ActiveCfg = Debug|Win32
		{C93B3370-9255-4FE7-AD45-D8264D5B3C38}.Debug|x86.Build.0 = Debug|Win32
		{C93B3370-9255-4FE7-AD45-D8264D5B3C38}.Release|x64.ActiveCfg = Release|x64
		{C93B3370-9255-4FE7-AD45-D8264D5B3C38}.Release|x64.Build.0 = Release|x64
		{C93B3370-9255-4FE7-AD45-D8264D5B3C38}.Release|x86.ActiveCfg = Release|Win32
		{C93B3370-9255-4FE7-AD45-D8264D5B3C38}.Release|x86.Build.0 = Release|Win32
		{7256D79B-2083-4DF5-84F4-A4B0737EE8BF}.Debug|x64.ActiveCfg = Debug|x64
		{7256D79B-2083-4DF5-84F4-A4B0737EE8BF}.Debug|x64.Build.0 = Debug|x64
		{7256D79B-2083-4DF5-84F4-A4B0737EE8BF}.Debug|x86.ActiveCfg = Debug|Win32
		{7256D79B-2083-4DF5-84F4-A4B0737EE8BF}.Debug|x86.Build.0 = Debug|Win32
		{7256D79B-2083-4DF5-84F4-A4B0737EE8BF}.Release|x64.ActiveCfg = Release|x64
		{7256D79B-2083-4DF5-84F4-A4B0737EE8BF}.Release|x64.Build.0 = Release|x64
		{7256D79B-2083-4DF5-84F4-A4B0737EE8BF}.Release|x86.ActiveCfg = Release|Win32
		{7256D79B-2083-4DF5-84F4-A4B0737EE8BF}.Release|x86.Build.0 = Release|Win32
		{17769F0B-914D-4432-82F4-E1EA659BD2E7}.Debug|x64.ActiveCfg = Debug|x64
		{17769F0B-914D-4432-82F4-E1EA659BD2E7}.Debug|x64.Build.0 = Debug|x64
		{17769F0B-914D-4432-82F4-E1EA659BD2E7}.Debug|x86.ActiveCfg = Debug|Win32
		{17769F0B-914D-4432-82F4-E1EA659BD2E7}.Debug|x86.Build.0 = Debug|Win32
		{17769F0B-914D-4432-82F4-E1EA659BD2E7}.Release|x64.ActiveCfg = Release|x64
		{17769F0B-914D-4432-82F4-E1EA659BD2E7}.Release|x64.Build.0 = Release|x64
		{17769F0B-914D-4432-82F4-E1EA659BD2E7}.Release|x86.ActiveCfg = Release|Win32
		{17769F0B-914D-4432-82F4-E1EA659BD2E7}.Release|x86.Build.0 = Release|Win32
		{52CF173A-325E-4FC4-BC47-F1012FA2B319}.Debug|x64.ActiveCfg = Debug|x64
		{52CF173A-325E-4FC4-BC47-F1012FA2B319}.Debug|x64.Build.0 = Debug|x64
		{52CF173A-325E-4FC4-BC47-F1012FA2B319}.Debug|x86.ActiveCfg = Debug|Win32
		{52CF173A-325E-4FC4-BC47-F1012FA2B319}.Debug|x86.Build.0 = Debug|Win32
		{52CF173A-325E-4FC4-BC47-F1012FA2B319}.Release|x64.ActiveCfg = Release|x64
		{52CF173A-325E-4FC4-BC47-F1012FA2B319}.Release|x64.Build.0 = Release|x64
		{52CF173A-325E-4FC4-BC47-F1012FA2B319}.Release|x86.ActiveCfg = Release|Win32
		{52CF173A-325E-4FC4-BC47-F1012FA2B319}.Release|x86.Build.0 = Release|Win32
		{909D876C-DC9F-4C0B-A8B9-C8108B92CE7D}.Debug|x64.ActiveCfg = Debug|x64
		{909D876C-DC9F-4C0B-A8B9-C8108B92CE7D}.Debug|x64.Build.0 = Debug|x64
		{909D876C-DC9F-4C0B-A8B9-C8108B92CE7D}.Debug|x86.ActiveCfg = Debug|Win32
		{909D876C-DC9F-4C0B-A8B9-C8108B92CE7D}.Debug|x86.Build.0 = Debug|Win32
		{909D876C-DC9F-4C0B-A8B9-C8108B92CE7D}.Release|x64.ActiveCfg = Release|x64
		{909D876C-DC9F-4C0B-A8B9-C8108B92CE7D}.Release|x64.Build.0 = Release|x64
		{909D876C-DC9F-4C0B-A8B9-C8108B92CE7D}.Release|x86.ActiveCfg = Release|Win32
		{909D876C-DC9F-4C0B-A8B9-C8108B92CE7D}.Release|x86.Build.0 = Release|Win32
		{1B8CCFD3-2B93-4A58-B59E-D472D9B9612F}.Debug|x64.ActiveCfg = Debug|x64
		{1B8CCFD3-2B93-4A58-B59E-D472D9B9612F}.Debug|x64.Build.0 = Debug|x64
		{1B8CCFD3-2B93-4A58-B59E-D472D9B9612F}.Debug|x86.ActiveCfg = Debug|Win32
		{1B8CCFD3-2B93-4A58-B59E-D472D9B9612F}.Debug|x86.Build.0 = Debug|Win32
		{1B8CCFD3-2B93-4A58-B59E-D472D9B9612F}.Release|x64.ActiveCfg = Release|x64
		{1B8CCFD3-2B93-4A58-B59E-D472D9B9612F}.Release|x64.Build.0 = Release|x64
		{1B8CCFD3-2B93-4A58-B59E-D472D9B9612F}.Release|x86.ActiveCfg = Release|Win32
		{1B8CCFD3-2B93-4A58-B59E-D472D9B9612F}.Release|x86.Build.0 = Release|Win32
		{2996CD85-C4E6-458C-A454-2629A7F6E66D}.Debug|x64.ActiveCfg = Debug|x64
		{2996CD85-C4E6-458C-A454-2629A7F6E66D}.Debug|x64.Build.0 = Debug|x64
		{2996CD85-C4E6-458C-A454-2629A7F6E66D}.Debug|x86.ActiveCfg = Debug|Win32
		{2996CD85-C4E6-458C-A454-2629A7F6E66D}.Debug|x86.Build.0 = Debug|Win32
		{2996CD85-C4E6-458C-A454-2629A7F6E66D}.Release|x64.ActiveCfg = Release|x64
		{2996CD85-C4E6-458C-A454-2629A7F6E66D}.Release|x64.Build.0 = Release|x64
		{2996CD85-C4E6-458C-A454-2629A7F6E66D}.Release|x86.ActiveCfg = Release|Win32
		{2996CD85-C4E6-458C-A454-2629A7F6E66D}.Release|x86.Build.0 = Release|Win32
		{55FF9C21-F158-4BA3-9EF5-7A7EAA3D8896}.Debug|x64.ActiveCfg = Debug|x64
		{55FF9C21-F158-4BA3-9EF5-7A7EAA3D8896}.Debug|x64.Build.0 = Debug|x64
		{55FF9C21-F158-4BA3-9EF5-7A7EAA3D8896}.Debug|x86.ActiveCfg = Debug|Win32
		{55FF9C21-F158-4BA3-9EF5-7A7EAA3D8896}.Debug|x86.Build.0 = Debug|Win32
		{55FF9C21-F158-4BA3-9EF5-7A7EAA3D8896}.Release|x64.ActiveCfg = Release|x64
		{55FF9C21-F158-4BA3-9EF5-7A7EAA3D8896}.Release|x64.Build.0 = Release|x64
		{55FF9C21-F158-4BA3-9EF5-7A7EAA3D8896}.Release|x86.ActiveCfg = Release|Win32
		{55FF9C21-F158-4BA3-9EF5-7A7EAA3D8896}.Release|x86.Build.0 = Release|Win32
		{B23BDEE9-CD7D-43A5-A609-472B309DB793}.Debug|x64.ActiveCfg = Debug|x64
		{B23BDEE9-CD7D-43A5-A609-472B309DB793}.Debug|x64.Build.0 = Debug|x64
		{B23BDEE9-CD7D-43A5-A609-472B309DB793}.Debug|x86.ActiveCfg = Debug|Win32
		{B23BDEE9-CD7D-43A5-A609-472B309DB793}.Debug|x86.Build.0 = Debug|Win32
		{B23BDEE9-CD7D-43A5-A609-472B309DB793}.Release|x64.ActiveCfg = Release|x64
		{B23BDEE9-CD7D-43A5-A609-472B309DB793}.Release|x64.Build.0 = Release|x64
		{B23BDEE9-CD7D-43A5-A609-472B309DB793}.Release|x86.ActiveCfg = Release|Win32
		{B23BDEE9-CD7D-43A5-A609-472B309DB793}.Release|x86.Build.0 = Release|Win32
		{34FB0BD0-694B-4EE3-97D2-D8750251012F}.Debug|x64.ActiveCfg = Debug|x64
		{34FB0BD0-694B-4EE3-97D2-D8750251012F}.Debug|x64.Build.0 = Debug|x64
		{34FB0BD0-694B-4EE3-97D2-D8750251012F}.Debug|x86.ActiveCfg = Debug|Win32
		{34FB0BD0-694B-4EE3-97D2-D8750251012F}.Debug|x86.Build.0 = Debug|Win32
		{34FB0BD0-694B-4EE3-97D2-D8750251012F}.Release|x64.ActiveCfg = Release|x64
		{34FB0BD0-694B-4EE3-97D2-D8750251012F}.Release|x64.Build.0 = Release|x64
		{34FB0BD0-694B-4EE3-97D2-D8750251012F}.Release|x86.ActiveCfg = Release|Win32
		{34FB0BD0-694B-4EE3-97D2-D8750251012F}.Release|x86.Build.0 = Release|Win32
		{6C0C0C51-8886-4C6C-8D9A-99F5810727DF}.Debug|x64.ActiveCfg = Debug|x64
		{6C0C0C51-8886-4C6C-8D9A-99F5810727DF}.Debug|x64.Build.0 = Debug|x64
		{6C0C0C51-8886-4C6C-8D9A-99F5810727DF}.Debug|x86.ActiveCfg = Debug|Win32
		{6C0C0C51-8886-4C6C-8D9A-99F5810727DF}.Debug|x86.Build.0 = Debug|Win32
		{6C0C0C51-8886-4C6C-8D9A-99F5810727DF}.Release|x64.ActiveCfg = Release|x64
		{6C0C0C51-8886-4C6C-8D9A-99F5810727DF}.Release|x64.Build.0 = Release|x64
		{6C0C0C51-8886-4C6C-8D9A-99F5810727DF}.Release|x86.ActiveCfg = Release|Win32
		{6C0C0C51-8886-4C6C-8D9A-99F5810727DF}.Release|x86.Build.0 = Release|Win32
		{8BBB1F72-81B0-4B83-B0E3-9F1A7982C660}.Debug|x64.ActiveCfg = Debug|x64
		{8BBB1F72-81B0-4B83-B0E3-9F1A7982C660}.Debug|x64.Build.0 = Debug|x64
		{8BBB1F72-81B0-4B83-B0E3-9F1A7982C660}.Debug|x86.ActiveCfg = Debug|Win32
		{8BBB1F72-81B0-4B83-B0E3-9F1A7982C660}.Debug|x86.Build.0 = Debug|Win32
		{8BBB1F72-81B0-4B83-B0E3-9F1A7982C660}.Release|x64.ActiveCfg = Release|x64
		{8BBB1F72-81B0-4B83-B0E3-9F1A7982C660}.Release|x64.Build.0 = Release|x64
		{8BBB1F72-81B0-4B83-B0E3-9F1A7982C660}.Release|x86.ActiveCfg = Release|Win32
		{8BBB1F72-81B0-4B83-B0E3-9F1A7982C660}.Release|x86.Build.0 = Release|Win32
		{D043379C-1F2E-4862-900B-59B40E632772}.Debug|x64.ActiveCfg = Debug|x64
		{D043379C-1F2E-4862-900B-59B40E632772}.Debug|x64.Build.0 = Debug|x64
		{D043379C-1F2E-4862-900B-59B40E632772}.Debug|x86.ActiveCfg = Debug|Win32
		{D043379C-1F2E-4862-900B-59B40E632772}.Debug|x86.Build.0 = Debug|Win32
		{D043379C-1F2E-4862-900B-59B40E632772}.Release|x64.ActiveCfg = Release|x64
		{D043379C-1F2E-4862-900B-59B40E632772}.Release|x64.Build.0 = Release|x64
		{D043379C-1F2E-4862-900B-59B40E632772}.Release|x86.ActiveCfg = Release|Win32
		{D043379C-1F2E-4862-900B-59B40E632772}.Release|x86.Build.0 = Release|Win32
		{4953C41D-B6D2-4647-A4CF-59192AAE64AF}.Debug|x64.ActiveCfg = Debug|x64
		{4953C41D-B6D2-4647-A4CF-59192AAE64AF}.Debug|x64.Build.0 = Debug|x64
		{4953C41D-B6D2-4647-A4CF-59192AAE64AF}.Debug|x86.ActiveCfg = Debug|Win32
		{4953C41D-B6D2-4647-A4CF-59192AAE64AF}.Debug|x86.Build.0 = Debug|Win32
		{4953C41D-B6D2-4647-A4CF-59192AAE64AF}.Release|x64.ActiveCfg = Release|x64
		{4953C41D-B6D2-4647-A4CF-59192AAE64AF}.Release|x64.Build.0 = Release|x64
		{4953C41D-B6D2-4647-A4CF-59192AAE64AF}.Release|x86.ActiveCfg = Release|Win32
		{4953C41D-B6D2-4647-A4CF-59192AAE64AF}.Release|x86.Build.0 = Release|Win32
		{6A47F974-C0D1-45B5-A325-4CA3ACBDDFB7}.Debug|x64.ActiveCfg = Debug|x64
		{6A47F974-C0D1-45B5-A325-4CA3ACBDDFB7}.Debug|x64.Build.0 = Debug|x64
		{6A47F974-C0D1-45B5-A325-4CA3ACBDDFB7}.Debug|x86.ActiveCfg = Debug|Win32
		{6A47F974-C0D1-45B5-A325-4CA3ACBDDFB7}.Debug|x86.Build.0 = Debug|Win32
		{6A47F974-C0D1-45B5-A325-4CA3ACBDDFB7}.Release|x64.ActiveCfg = Release|x64
		{6A47F974-C0D1-45B5-A325-4CA3ACBDDFB7}.Release|x64.Build.0 = Release|x64
		{6A47F974-C0D1-45B5-A325-4CA3ACBDDFB7}.Release|x86.ActiveCfg = Release|Win32
		{6A47F974-C0D1-45B5-A325-4CA3ACBDDFB7}.Release|x86.Build.0 = Release|Win32
		{CB2AA9EC-E0E5-4410-B43D-95AA3A95BF15}.Debug|x64.ActiveCfg = Debug|x64
		{CB2AA9EC-E0E5-4410-B43D-95AA3A95BF15}.Debug|x64.Build.0 = Debug|x64
		{CB2AA9EC-E0E5-4410-B43D-95AA3A95BF15}.Debug|x86.ActiveCfg = Debug|Win32
		{CB2AA9EC-E0E5-4410-B43D-95AA3A95BF15}.Debug|x86.Build.0 = Debug|Win32
		{CB2AA9EC-E0E5-4410-B43D-95AA3A95BF15}.Release|x64.ActiveCfg = Release|x64
		{CB2AA9EC-E0E5-4410-B43D-95AA3A95BF15}.Release|x64.Build.0 = Release|x64
		{CB2AA9EC-E0E5-4410-B43D-95AA3A95BF15}.Release|x86.ActiveCfg = Release|Win32
		{CB2AA9EC-E0E5-4410-B43D-95AA3A95BF15}.Release|x86.Build.0 = Release|Win32
		{C9A891D3-7DEE-41B8-8E9B-0BC2C79D16D0}.Debug|x64.ActiveCfg = Debug|x64
		{C9A891D3-7DEE-41B8-8E9B-0BC2C79D16D0}.Debug|x64.Build.0 = Debug|x64
		{C9A891D3-7DEE-41B8-8E9B-0BC2C79D16D0}.Debug|x86.ActiveCfg = Debug|Win32
		{C9A891D3-7DEE-41B8-8E9B-0BC2C79D16D0}.Debug|x86.Build.0 = Debug|Win32
		{C9A891D3-7DEE-41B8-8E9B-0BC2C79D16D0}.Release|x64.ActiveCfg = Release|x64
		{C9A891D3-7DEE-41B8-8E9B-0BC2C79D16D0}.Release|x64.Build.0 = Release|x64
		{C9A891D3-7DEE-41B8-8E9B-0BC2C79D16D0}.Release|x86.ActiveCfg = Release|Win32
		{C9A891D3-7DEE-41B8-8E9B-0BC2C79D16D0}.Release|x86.Build.0 = Release|Win32
		{F271CB62-05A7-4447-8C79-AB1F73A650F4}.Debug|x64.ActiveCfg = Debug|x64
		{F271CB62-05A7-4447-8C79-AB1F73A650F4}.Debug|x64.Build.0 = Debug|x64
		{F271CB62-05A7-4447-8C79-AB1F73A650F4}.Debug|x86.ActiveCfg = Debug|Win32
		{F271CB62-05A7-4447-8C79-AB1F73A650F4}.Debug|x86.Build.0 = Debug|Win32
		{F271CB62-05A7-4447-8C79-AB1F73A650F4}.Release|x64.ActiveCfg = Release|x64
		{F271CB62-05A7-4447-8C79-AB1F73A650F4}.Release|x64.Build.0 = Release|x64
		{F271CB62-05A7-4447-8C79-AB1F73A650F4}.Release|x86.ActiveCfg = Release|Win32
		{F271CB62-05A7-4447-8C79-AB1F73A650F4}.Release|x86.Build.0 = Release|Win32
		{CC91E624-F096-45FF-B455-32E0E76C8533}.Debug|x64.ActiveCfg = Debug|x64
		{CC91E624-F096-45FF-B455-32E0E76C8533}.Debug|x64.Build.0 = Debug|x64
		{CC91E624-F096-45FF-B455-32E0E76C8533}.Debug|x86.ActiveCfg = Debug|Win32
		{CC91E624-F096-45FF-B455-32E0E76C8533}.Debug|x86.Build.0 = Debug|Win32
		{CC91E624-F096-45FF-B455-32E0E76C8533}.Release|x64.ActiveCfg = Release|x64
		{CC91E624-F096-45FF-B455-32E0E76C8533}.Release|x64.Build.0 = Release|x64
		{CC91E624-F096-45FF-B455-32E0E76C8533}.Release|x86.ActiveCfg = Release|Win32
		{CC91E624-F096-45FF-B455-32E0E76C8533}.Release|x86.Build.0 = Release|Win32
		{388C62BE-28C9-4B80-909A-EC571846A1FA}.Debug|x64.ActiveCfg = Debug|x64
		{388C62BE-28C9-4B80-909A-EC571846A1FA}.Debug|x64.Build.0 = Debug|x64
		{388C62BE-28C9-4B80-909A-EC571846A1FA}.Debug|x86.ActiveCfg = Debug|Win32
		{388C62BE-28C9-4B80-909A-EC571846A1FA}.Debug|x86.Build.0 = Debug|Win32
		{388C62BE-28C9-4B80-909A-EC571846A1FA}.Release|x64.ActiveCfg = Release|x64
		{388C62BE-28C9-4B80-909A-EC571846A1FA}.Release|x64.Build.0 = Release|x64
		{388C62BE-28C9-4B80-909A-EC571846A1FA}.Release|x86.ActiveCfg = Release|Win32
		{388C62BE-28C9-4B80-909A-EC571846A1FA}.Release|x86.Build.0 = Release|Win32
		{3D699BE6-7F86-4C2F-BDA6-9E85FBFCEF72}.Debug|x64.ActiveCfg = Debug|x64
		{3D699BE6-7F86-4C2F-BDA6-9E85FBFCEF72}.Debug|x64.Build.0 = Debug|x64
		{3D699BE6-7F86-4C2F-BDA6-9E85FBFCEF72}.Debug|x86.ActiveCfg = Debug|Win32
		{3D699BE6-7F86-4C2F-BDA6-9E85FBFCEF72}.Debug|x86.Build.0 = Debug|Win32
		{3D699BE6-7F86-4C2F-BDA6-9E85FBFCEF72}.Release|x64.ActiveCfg = Release|x64
		{3D699BE6-7F86-4C2F-BDA6-9E85FBFCEF72}.Release|x64.Build.0 = Release|x64
		{3D699BE6-7F86-4C2F-BDA6-9E85FBFCEF72}.Release|x86.ActiveCfg = Release|Win32
		{3D699BE6-7F86-4C2F-BDA6-9E85FBFCEF72}.Release|x86.Build.0 = Release|Win32
		{DA063C9F-9A20-4918-BC0A-39B6A0192DEB}.Debug|x64.ActiveCfg = Debug|x64
		{DA063C9F-9A20-4918-BC0A-39B6A0192DEB}.Debug|x64.Build.0 = Debug|x64
		{DA063C9F-9A20-4918-BC0A-39B6A0192DEB}.Debug|x86.ActiveCfg = Debug|Win32
		{DA063C9F-9A20-4918-BC0A-39B6A0192DEB}.Debug|x86.Build.0 = Debug|Win32
		{DA063C9F-9A20-4918-BC0A-39B6A0192DEB}.Release|x64.ActiveCfg = Release|x64
		{DA063C9F-9A20-4918-BC0A-39B6A0192DEB}.Release|x64.Build.0 = Release|x64
		{DA063C9F-9A20-4918-BC0A-39B6A0192DEB}.Release|x86.ActiveCfg = Release|Win32
		{DA063C9F-9A20-4918-BC0A-39B6A0192DEB}.Release|x86.Build.0 = Release|Win32
		{07115EA9-AED9-435F-91C2-BDEAD5518731}.Debug|x64.ActiveCfg = Debug|x64
		{07115EA9-AED9-435F-91C2-BDEAD5518731}.Debug|x64.Build.0 = Debug|x64
		{07115EA9-AED9-435F-91C2-BDEAD5518731}.Debug|x86.ActiveCfg = Debug|Win32
		{07115EA9-AED9-435F-91C2-BDEAD5518731}.Debug|x86.Build.0 = Debug|Win32
		{07115EA9-AED9-435F-91C2-BDEAD5518731}.Release|x64.ActiveCfg = Release|x64
		{07115EA9-AED9-435F-91C2-BDEAD5518731}.Release|x64.Build.0 = Release|x64
		{07115EA9-AED9-435F-91C2-BDEAD5518731}.Release|x86.ActiveCfg = Release|Win32
		{07115EA9-AED9-435F-91C2-BDEAD5518731}.Release|x86.Build.0 = Release|Win32
		{CCF3AA7A-8750-4CBF-A36B-1B90284B8F2B}.Debug|x64.ActiveCfg = Debug|x64
		{CCF3AA7A-8750-4CBF-A36B-1B90284B8F2B}.Debug|x64.Build.0 = Debug|x64
		{CCF3AA7A-8750-4CBF-A36B-1B90284B8F2B}.Debug|x86.ActiveCfg = Debug|Win32
		{CCF3AA7A-8750-4CBF-A36B-1B90284B8F2B}.Debug|x86.Build.0 = Debug|Win32
		{CCF3AA7A-8750-4CBF-A36B-1B90284B8F2B}.Release|x64.ActiveCfg = Release|x64
		{CCF3AA7A-8750-4CBF-A36B-1B90284B8F2B}.Release|x64.Build.0 = Release|x64
		{CCF3AA7A-8750-4CBF-A36B-1B90284B8F2B}.Release|x86.ActiveCfg = Release|Win32
		{CCF3AA7A-8750-4CBF-A36B-1B90284B8F2B}.Release|x86.Build.0 = Release|Win32
	EndGlobalSection
	GlobalSection(SolutionProperties) = preSolution
		HideSolutionNode = FALSE
	EndGlobalSection
	GlobalSection(ExtensibilityGlobals) = postSolution
		SolutionGuid = {BBBDA42C-03BB-4492-B7F1-C4389C9FE4AE}
	EndGlobalSection
EndGlobal
